
Microsoft Visual Studio Solution File, Format Version 12.00
# Visual Studio Version 16
VisualStudioVersion = 16.0.31729.503
MinimumVisualStudioVersion = 10.0.40219.1
Project("{9A19103F-16F7-4668-BE54-9A1E7A4F7556}") = "SerialPortService", "SerialPortService\SerialPortService.csproj", "{B9370907-F395-453C-83DD-59F9C6D60073}"
EndProject
Project("{FAE04EC0-301F-11D3-BF4B-00C04F79EFBC}") = "ConsoleTestApp", "ConsoleTestApp\ConsoleTestApp.csproj", "{F3A393D1-E77E-4D94-9AA8-748F576D0E5B}"
EndProject
Global
	GlobalSection(SolutionConfigurationPlatforms) = preSolution
		Debug|Any CPU = Debug|Any CPU
		Release|Any CPU = Release|Any CPU
	EndGlobalSection
	GlobalSection(ProjectConfigurationPlatforms) = postSolution
		{B9370907-F395-453C-83DD-59F9C6D60073}.Debug|Any CPU.ActiveCfg = Debug|Any CPU
		{B9370907-F395-453C-83DD-59F9C6D60073}.Debug|Any CPU.Build.0 = Debug|Any CPU
		{B9370907-F395-453C-83DD-59F9C6D60073}.Release|Any CPU.ActiveCfg = Release|Any CPU
		{B9370907-F395-453C-83DD-59F9C6D60073}.Release|Any CPU.Build.0 = Release|Any CPU
		{F3A393D1-E77E-4D94-9AA8-748F576D0E5B}.Debug|Any CPU.ActiveCfg = Debug|Any CPU
		{F3A393D1-E77E-4D94-9AA8-748F576D0E5B}.Debug|Any CPU.Build.0 = Debug|Any CPU
		{F3A393D1-E77E-4D94-9AA8-748F576D0E5B}.Release|Any CPU.ActiveCfg = Release|Any CPU
		{F3A393D1-E77E-4D94-9AA8-748F576D0E5B}.Release|Any CPU.Build.0 = Release|Any CPU
	EndGlobalSection
	GlobalSection(SolutionProperties) = preSolution
		HideSolutionNode = FALSE
	EndGlobalSection
	GlobalSection(ExtensibilityGlobals) = postSolution
		SolutionGuid = {391686F1-7A64-4CA3-88EF-88EDEBAB02AB}
	EndGlobalSection
EndGlobal
